# This is a Gradle generated file for dependency locking.
# Manual edits can break the build and are not advised.
# This file is expected to be part of source control.
org.jetbrains.kotlin:kotlin-dom-api-compat:2.1.0=jsCompileClasspath
org.jetbrains.kotlin:kotlin-stdlib-js:2.1.0=jsCompileClasspath
org.jetbrains.kotlin:kotlin-stdlib:2.1.0=jsCompileClasspath,jvmCompileClasspath
org.jetbrains:annotations:13.0=jvmCompileClasspath
empty=
